
Microsoft Visual Studio Solution File, Format Version 12.00
# Visual Studio 2013
VisualStudioVersion = 12.0.31101.0
MinimumVisualStudioVersion = 10.0.40219.1
Project("{FAE04EC0-301F-11D3-BF4B-00C04F79EFBC}") = "InstalProjektMVC", "InstalProjektMVC\InstalProjektMVC.csproj", "{EFC9374F-99B0-4718-BE68-C6B1062FDEDB}"
EndProject
Global
	GlobalSection(SolutionConfigurationPlatforms) = preSolution
		Debug|Any CPU = Debug|Any CPU
		Release|Any CPU = Release|Any CPU
	EndGlobalSection
	GlobalSection(ProjectConfigurationPlatforms) = postSolution
		{EFC9374F-99B0-4718-BE68-C6B1062FDEDB}.Debug|Any CPU.ActiveCfg = Debug|Any CPU
		{EFC9374F-99B0-4718-BE68-C6B1062FDEDB}.Debug|Any CPU.Build.0 = Debug|Any CPU
		{EFC9374F-99B0-4718-BE68-C6B1062FDEDB}.Release|Any CPU.ActiveCfg = Release|Any CPU
		{EFC9374F-99B0-4718-BE68-C6B1062FDEDB}.Release|Any CPU.Build.0 = Release|Any CPU
	EndGlobalSection
	GlobalSection(SolutionProperties) = preSolution
		HideSolutionNode = FALSE
	EndGlobalSection
EndGlobal
